// !$*UTF8*$!
{
	archiveVersion = 1;
	classes = {
	};
	objectVersion = 50;
	objects = {

/* Begin PBXBuildFile section */
		9DCE9D5E249FECF60042FEBB /* AppDelegate.swift in Sources */ = {isa = PBXBuildFile; fileRef = 9DCE9D5D249FECF60042FEBB /* AppDelegate.swift */; };
		9DCE9D60249FECF60042FEBB /* SceneDelegate.swift in Sources */ = {isa = PBXBuildFile; fileRef = 9DCE9D5F249FECF60042FEBB /* SceneDelegate.swift */; };
		9DCE9D67249FECF80042FEBB /* Assets.xcassets in Resources */ = {isa = PBXBuildFile; fileRef = 9DCE9D66249FECF80042FEBB /* Assets.xcassets */; };
		9DCE9D6A249FECF80042FEBB /* LaunchScreen.storyboard in Resources */ = {isa = PBXBuildFile; fileRef = 9DCE9D68249FECF80042FEBB /* LaunchScreen.storyboard */; };
		9DF7DF50249FF370009B5902 /* CPTabBarController.swift in Sources */ = {isa = PBXBuildFile; fileRef = 9DF7DF4F249FF370009B5902 /* CPTabBarController.swift */; };
		9DF7DF53249FF971009B5902 /* MoviesAndTvListVC.swift in Sources */ = {isa = PBXBuildFile; fileRef = 9DF7DF52249FF971009B5902 /* MoviesAndTvListVC.swift */; };
		9DF7DF55249FF98E009B5902 /* FavoritesListVC.swift in Sources */ = {isa = PBXBuildFile; fileRef = 9DF7DF54249FF98E009B5902 /* FavoritesListVC.swift */; };
		9DF7DF57249FF9D8009B5902 /* MostViewedVC.swift in Sources */ = {isa = PBXBuildFile; fileRef = 9DF7DF56249FF9D8009B5902 /* MostViewedVC.swift */; };
		9DF7DF5A249FFADF009B5902 /* AppColors.swift in Sources */ = {isa = PBXBuildFile; fileRef = 9DF7DF59249FFADF009B5902 /* AppColors.swift */; };
		9DF7DF5D24A000A0009B5902 /* CPButton.swift in Sources */ = {isa = PBXBuildFile; fileRef = 9DF7DF5C24A000A0009B5902 /* CPButton.swift */; };
		9DF7DF6024A001AD009B5902 /* UIView+Ext.swift in Sources */ = {isa = PBXBuildFile; fileRef = 9DF7DF5F24A001AD009B5902 /* UIView+Ext.swift */; };
		9DF7DF6224A002C9009B5902 /* Constants.swift in Sources */ = {isa = PBXBuildFile; fileRef = 9DF7DF6124A002C9009B5902 /* Constants.swift */; };
/* End PBXBuildFile section */

/* Begin PBXFileReference section */
		9DCE9D5A249FECF60042FEBB /* cinepark.app */ = {isa = PBXFileReference; explicitFileType = wrapper.application; includeInIndex = 0; path = cinepark.app; sourceTree = BUILT_PRODUCTS_DIR; };
		9DCE9D5D249FECF60042FEBB /* AppDelegate.swift */ = {isa = PBXFileReference; lastKnownFileType = sourcecode.swift; path = AppDelegate.swift; sourceTree = "<group>"; };
		9DCE9D5F249FECF60042FEBB /* SceneDelegate.swift */ = {isa = PBXFileReference; lastKnownFileType = sourcecode.swift; path = SceneDelegate.swift; sourceTree = "<group>"; };
		9DCE9D66249FECF80042FEBB /* Assets.xcassets */ = {isa = PBXFileReference; lastKnownFileType = folder.assetcatalog; path = Assets.xcassets; sourceTree = "<group>"; };
		9DCE9D69249FECF80042FEBB /* Base */ = {isa = PBXFileReference; lastKnownFileType = file.storyboard; name = Base; path = Base.lproj/LaunchScreen.storyboard; sourceTree = "<group>"; };
		9DCE9D6B249FECF80042FEBB /* Info.plist */ = {isa = PBXFileReference; lastKnownFileType = text.plist.xml; path = Info.plist; sourceTree = "<group>"; };
		9DF7DF4F249FF370009B5902 /* CPTabBarController.swift */ = {isa = PBXFileReference; lastKnownFileType = sourcecode.swift; path = CPTabBarController.swift; sourceTree = "<group>"; };
		9DF7DF52249FF971009B5902 /* MoviesAndTvListVC.swift */ = {isa = PBXFileReference; lastKnownFileType = sourcecode.swift; path = MoviesAndTvListVC.swift; sourceTree = "<group>"; };
		9DF7DF54249FF98E009B5902 /* FavoritesListVC.swift */ = {isa = PBXFileReference; lastKnownFileType = sourcecode.swift; path = FavoritesListVC.swift; sourceTree = "<group>"; };
		9DF7DF56249FF9D8009B5902 /* MostViewedVC.swift */ = {isa = PBXFileReference; lastKnownFileType = sourcecode.swift; path = MostViewedVC.swift; sourceTree = "<group>"; };
		9DF7DF59249FFADF009B5902 /* AppColors.swift */ = {isa = PBXFileReference; lastKnownFileType = sourcecode.swift; path = AppColors.swift; sourceTree = "<group>"; };
		9DF7DF5C24A000A0009B5902 /* CPButton.swift */ = {isa = PBXFileReference; lastKnownFileType = sourcecode.swift; path = CPButton.swift; sourceTree = "<group>"; };
		9DF7DF5F24A001AD009B5902 /* UIView+Ext.swift */ = {isa = PBXFileReference; lastKnownFileType = sourcecode.swift; path = "UIView+Ext.swift"; sourceTree = "<group>"; };
		9DF7DF6124A002C9009B5902 /* Constants.swift */ = {isa = PBXFileReference; lastKnownFileType = sourcecode.swift; path = Constants.swift; sourceTree = "<group>"; };
/* End PBXFileReference section */

/* Begin PBXFrameworksBuildPhase section */
		9DCE9D57249FECF60042FEBB /* Frameworks */ = {
			isa = PBXFrameworksBuildPhase;
			buildActionMask = 2147483647;
			files = (
			);
			runOnlyForDeploymentPostprocessing = 0;
		};
/* End PBXFrameworksBuildPhase section */

/* Begin PBXGroup section */
		9DCE9D51249FECF60042FEBB = {
			isa = PBXGroup;
			children = (
				9DCE9D5C249FECF60042FEBB /* cinepark */,
				9DCE9D5B249FECF60042FEBB /* Products */,
			);
			sourceTree = "<group>";
		};
		9DCE9D5B249FECF60042FEBB /* Products */ = {
			isa = PBXGroup;
			children = (
				9DCE9D5A249FECF60042FEBB /* cinepark.app */,
			);
			name = Products;
			sourceTree = "<group>";
		};
		9DCE9D5C249FECF60042FEBB /* cinepark */ = {
			isa = PBXGroup;
			children = (
				9DF7DF5E24A0019F009B5902 /* Extensions */,
				9DF7DF58249FFACC009B5902 /* Utilities */,
				9DF7DF4D249FF31D009B5902 /* CustomViews */,
				9DF7DF4A249FF27E009B5902 /* Screens */,
				9DF7DF51249FF47A009B5902 /* Support */,
				9DCE9D6B249FECF80042FEBB /* Info.plist */,
			);
			path = cinepark;
			sourceTree = "<group>";
		};
		9DF7DF4A249FF27E009B5902 /* Screens */ = {
			isa = PBXGroup;
			children = (
				9DF7DF56249FF9D8009B5902 /* MostViewedVC.swift */,
				9DF7DF52249FF971009B5902 /* MoviesAndTvListVC.swift */,
				9DF7DF54249FF98E009B5902 /* FavoritesListVC.swift */,
			);
			path = Screens;
			sourceTree = "<group>";
		};
		9DF7DF4D249FF31D009B5902 /* CustomViews */ = {
			isa = PBXGroup;
			children = (
				9DF7DF5B24A00089009B5902 /* Buttons */,
				9DF7DF4E249FF338009B5902 /* TabBarControllers */,
			);
			path = CustomViews;
			sourceTree = "<group>";
		};
		9DF7DF4E249FF338009B5902 /* TabBarControllers */ = {
			isa = PBXGroup;
			children = (
				9DF7DF4F249FF370009B5902 /* CPTabBarController.swift */,
			);
			path = TabBarControllers;
			sourceTree = "<group>";
		};
		9DF7DF51249FF47A009B5902 /* Support */ = {
			isa = PBXGroup;
			children = (
				9DCE9D5D249FECF60042FEBB /* AppDelegate.swift */,
				9DCE9D5F249FECF60042FEBB /* SceneDelegate.swift */,
				9DCE9D66249FECF80042FEBB /* Assets.xcassets */,
				9DCE9D68249FECF80042FEBB /* LaunchScreen.storyboard */,
			);
			path = Support;
			sourceTree = "<group>";
		};
		9DF7DF58249FFACC009B5902 /* Utilities */ = {
			isa = PBXGroup;
			children = (
				9DF7DF59249FFADF009B5902 /* AppColors.swift */,
				9DF7DF6124A002C9009B5902 /* Constants.swift */,
			);
			path = Utilities;
			sourceTree = "<group>";
		};
		9DF7DF5B24A00089009B5902 /* Buttons */ = {
			isa = PBXGroup;
			children = (
				9DF7DF5C24A000A0009B5902 /* CPButton.swift */,
			);
			path = Buttons;
			sourceTree = "<group>";
		};
		9DF7DF5E24A0019F009B5902 /* Extensions */ = {
			isa = PBXGroup;
			children = (
				9DF7DF5F24A001AD009B5902 /* UIView+Ext.swift */,
			);
			path = Extensions;
			sourceTree = "<group>";
		};
/* End PBXGroup section */

/* Begin PBXNativeTarget section */
		9DCE9D59249FECF60042FEBB /* cinepark */ = {
			isa = PBXNativeTarget;
			buildConfigurationList = 9DCE9D6E249FECF80042FEBB /* Build configuration list for PBXNativeTarget "cinepark" */;
			buildPhases = (
				9DCE9D56249FECF60042FEBB /* Sources */,
				9DCE9D57249FECF60042FEBB /* Frameworks */,
				9DCE9D58249FECF60042FEBB /* Resources */,
			);
			buildRules = (
			);
			dependencies = (
			);
			name = cinepark;
			productName = cinepark;
			productReference = 9DCE9D5A249FECF60042FEBB /* cinepark.app */;
			productType = "com.apple.product-type.application";
		};
/* End PBXNativeTarget section */

/* Begin PBXProject section */
		9DCE9D52249FECF60042FEBB /* Project object */ = {
			isa = PBXProject;
			attributes = {
				LastSwiftUpdateCheck = 1150;
				LastUpgradeCheck = 1150;
				ORGANIZATIONNAME = abdulsalam;
				TargetAttributes = {
					9DCE9D59249FECF60042FEBB = {
						CreatedOnToolsVersion = 11.5;
					};
				};
			};
			buildConfigurationList = 9DCE9D55249FECF60042FEBB /* Build configuration list for PBXProject "cinepark" */;
			compatibilityVersion = "Xcode 9.3";
			developmentRegion = en;
			hasScannedForEncodings = 0;
			knownRegions = (
				en,
				Base,
			);
			mainGroup = 9DCE9D51249FECF60042FEBB;
			productRefGroup = 9DCE9D5B249FECF60042FEBB /* Products */;
			projectDirPath = "";
			projectRoot = "";
			targets = (
				9DCE9D59249FECF60042FEBB /* cinepark */,
			);
		};
/* End PBXProject section */

/* Begin PBXResourcesBuildPhase section */
		9DCE9D58249FECF60042FEBB /* Resources */ = {
			isa = PBXResourcesBuildPhase;
			buildActionMask = 2147483647;
			files = (
				9DCE9D6A249FECF80042FEBB /* LaunchScreen.storyboard in Resources */,
				9DCE9D67249FECF80042FEBB /* Assets.xcassets in Resources */,
			);
			runOnlyForDeploymentPostprocessing = 0;
		};
/* End PBXResourcesBuildPhase section */

/* Begin PBXSourcesBuildPhase section */
		9DCE9D56249FECF60042FEBB /* Sources */ = {
			isa = PBXSourcesBuildPhase;
			buildActionMask = 2147483647;
			files = (
				9DF7DF5D24A000A0009B5902 /* CPButton.swift in Sources */,
				9DF7DF50249FF370009B5902 /* CPTabBarController.swift in Sources */,
				9DF7DF53249FF971009B5902 /* MoviesAndTvListVC.swift in Sources */,
				9DF7DF55249FF98E009B5902 /* FavoritesListVC.swift in Sources */,
				9DCE9D5E249FECF60042FEBB /* AppDelegate.swift in Sources */,
				9DF7DF6224A002C9009B5902 /* Constants.swift in Sources */,
				9DF7DF6024A001AD009B5902 /* UIView+Ext.swift in Sources */,
				9DF7DF5A249FFADF009B5902 /* AppColors.swift in Sources */,
				9DF7DF57249FF9D8009B5902 /* MostViewedVC.swift in Sources */,
				9DCE9D60249FECF60042FEBB /* SceneDelegate.swift in Sources */,
			);
			runOnlyForDeploymentPostprocessing = 0;
		};
/* End PBXSourcesBuildPhase section */

/* Begin PBXVariantGroup section */
		9DCE9D68249FECF80042FEBB /* LaunchScreen.storyboard */ = {
			isa = PBXVariantGroup;
			children = (
				9DCE9D69249FECF80042FEBB /* Base */,
			);
			name = LaunchScreen.storyboard;
			sourceTree = "<group>";
		};
/* End PBXVariantGroup section */

/* Begin XCBuildConfiguration section */
		9DCE9D6C249FECF80042FEBB /* Debug */ = {
			isa = XCBuildConfiguration;
			buildSettings = {
				ALWAYS_SEARCH_USER_PATHS = NO;
				CLANG_ANALYZER_NONNULL = YES;
				CLANG_ANALYZER_NUMBER_OBJECT_CONVERSION = YES_AGGRESSIVE;
				CLANG_CXX_LANGUAGE_STANDARD = "gnu++14";
				CLANG_CXX_LIBRARY = "libc++";
				CLANG_ENABLE_MODULES = YES;
				CLANG_ENABLE_OBJC_ARC = YES;
				CLANG_ENABLE_OBJC_WEAK = YES;
				CLANG_WARN_BLOCK_CAPTURE_AUTORELEASING = YES;
				CLANG_WARN_BOOL_CONVERSION = YES;
				CLANG_WARN_COMMA = YES;
				CLANG_WARN_CONSTANT_CONVERSION = YES;
				CLANG_WARN_DEPRECATED_OBJC_IMPLEMENTATIONS = YES;
				CLANG_WARN_DIRECT_OBJC_ISA_USAGE = YES_ERROR;
				CLANG_WARN_DOCUMENTATION_COMMENTS = YES;
				CLANG_WARN_EMPTY_BODY = YES;
				CLANG_WARN_ENUM_CONVERSION = YES;
				CLANG_WARN_INFINITE_RECURSION = YES;
				CLANG_WARN_INT_CONVERSION = YES;
				CLANG_WARN_NON_LITERAL_NULL_CONVERSION = YES;
				CLANG_WARN_OBJC_IMPLICIT_RETAIN_SELF = YES;
				CLANG_WARN_OBJC_LITERAL_CONVERSION = YES;
				CLANG_WARN_OBJC_ROOT_CLASS = YES_ERROR;
				CLANG_WARN_RANGE_LOOP_ANALYSIS = YES;
				CLANG_WARN_STRICT_PROTOTYPES = YES;
				CLANG_WARN_SUSPICIOUS_MOVE = YES;
				CLANG_WARN_UNGUARDED_AVAILABILITY = YES_AGGRESSIVE;
				CLANG_WARN_UNREACHABLE_CODE = YES;
				CLANG_WARN__DUPLICATE_METHOD_MATCH = YES;
				COPY_PHASE_STRIP = NO;
				DEBUG_INFORMATION_FORMAT = dwarf;
				ENABLE_STRICT_OBJC_MSGSEND = YES;
				ENABLE_TESTABILITY = YES;
				GCC_C_LANGUAGE_STANDARD = gnu11;
				GCC_DYNAMIC_NO_PIC = NO;
				GCC_NO_COMMON_BLOCKS = YES;
				GCC_OPTIMIZATION_LEVEL = 0;
				GCC_PREPROCESSOR_DEFINITIONS = (
					"DEBUG=1",
					"$(inherited)",
				);
				GCC_WARN_64_TO_32_BIT_CONVERSION = YES;
				GCC_WARN_ABOUT_RETURN_TYPE = YES_ERROR;
				GCC_WARN_UNDECLARED_SELECTOR = YES;
				GCC_WARN_UNINITIALIZED_AUTOS = YES_AGGRESSIVE;
				GCC_WARN_UNUSED_FUNCTION = YES;
				GCC_WARN_UNUSED_VARIABLE = YES;
				IPHONEOS_DEPLOYMENT_TARGET = 13.5;
				MTL_ENABLE_DEBUG_INFO = INCLUDE_SOURCE;
				MTL_FAST_MATH = YES;
				ONLY_ACTIVE_ARCH = YES;
				SDKROOT = iphoneos;
				SWIFT_ACTIVE_COMPILATION_CONDITIONS = DEBUG;
				SWIFT_OPTIMIZATION_LEVEL = "-Onone";
			};
			name = Debug;
		};
		9DCE9D6D249FECF80042FEBB /* Release */ = {
			isa = XCBuildConfiguration;
			buildSettings = {
				ALWAYS_SEARCH_USER_PATHS = NO;
				CLANG_ANALYZER_NONNULL = YES;
				CLANG_ANALYZER_NUMBER_OBJECT_CONVERSION = YES_AGGRESSIVE;
				CLANG_CXX_LANGUAGE_STANDARD = "gnu++14";
				CLANG_CXX_LIBRARY = "libc++";
				CLANG_ENABLE_MODULES = YES;
				CLANG_ENABLE_OBJC_ARC = YES;
				CLANG_ENABLE_OBJC_WEAK = YES;
				CLANG_WARN_BLOCK_CAPTURE_AUTORELEASING = YES;
				CLANG_WARN_BOOL_CONVERSION = YES;
				CLANG_WARN_COMMA = YES;
				CLANG_WARN_CONSTANT_CONVERSION = YES;
				CLANG_WARN_DEPRECATED_OBJC_IMPLEMENTATIONS = YES;
				CLANG_WARN_DIRECT_OBJC_ISA_USAGE = YES_ERROR;
				CLANG_WARN_DOCUMENTATION_COMMENTS = YES;
				CLANG_WARN_EMPTY_BODY = YES;
				CLANG_WARN_ENUM_CONVERSION = YES;
				CLANG_WARN_INFINITE_RECURSION = YES;
				CLANG_WARN_INT_CONVERSION = YES;
				CLANG_WARN_NON_LITERAL_NULL_CONVERSION = YES;
				CLANG_WARN_OBJC_IMPLICIT_RETAIN_SELF = YES;
				CLANG_WARN_OBJC_LITERAL_CONVERSION = YES;
				CLANG_WARN_OBJC_ROOT_CLASS = YES_ERROR;
				CLANG_WARN_RANGE_LOOP_ANALYSIS = YES;
				CLANG_WARN_STRICT_PROTOTYPES = YES;
				CLANG_WARN_SUSPICIOUS_MOVE = YES;
				CLANG_WARN_UNGUARDED_AVAILABILITY = YES_AGGRESSIVE;
				CLANG_WARN_UNREACHABLE_CODE = YES;
				CLANG_WARN__DUPLICATE_METHOD_MATCH = YES;
				COPY_PHASE_STRIP = NO;
				DEBUG_INFORMATION_FORMAT = "dwarf-with-dsym";
				ENABLE_NS_ASSERTIONS = NO;
				ENABLE_STRICT_OBJC_MSGSEND = YES;
				GCC_C_LANGUAGE_STANDARD = gnu11;
				GCC_NO_COMMON_BLOCKS = YES;
				GCC_WARN_64_TO_32_BIT_CONVERSION = YES;
				GCC_WARN_ABOUT_RETURN_TYPE = YES_ERROR;
				GCC_WARN_UNDECLARED_SELECTOR = YES;
				GCC_WARN_UNINITIALIZED_AUTOS = YES_AGGRESSIVE;
				GCC_WARN_UNUSED_FUNCTION = YES;
				GCC_WARN_UNUSED_VARIABLE = YES;
				IPHONEOS_DEPLOYMENT_TARGET = 13.5;
				MTL_ENABLE_DEBUG_INFO = NO;
				MTL_FAST_MATH = YES;
				SDKROOT = iphoneos;
				SWIFT_COMPILATION_MODE = wholemodule;
				SWIFT_OPTIMIZATION_LEVEL = "-O";
				VALIDATE_PRODUCT = YES;
			};
			name = Release;
		};
		9DCE9D6F249FECF80042FEBB /* Debug */ = {
			isa = XCBuildConfiguration;
			buildSettings = {
				ASSETCATALOG_COMPILER_APPICON_NAME = AppIcon;
				CODE_SIGN_STYLE = Automatic;
				DEVELOPMENT_TEAM = JK5WTBU827;
				INFOPLIST_FILE = cinepark/Info.plist;
				LD_RUNPATH_SEARCH_PATHS = (
					"$(inherited)",
					"@executable_path/Frameworks",
				);
				PRODUCT_BUNDLE_IDENTIFIER = com.abdulsalam.cinepark;
				PRODUCT_NAME = "$(TARGET_NAME)";
				SWIFT_VERSION = 5.0;
				TARGETED_DEVICE_FAMILY = "1,2";
			};
			name = Debug;
		};
		9DCE9D70249FECF80042FEBB /* Release */ = {
			isa = XCBuildConfiguration;
			buildSettings = {
				ASSETCATALOG_COMPILER_APPICON_NAME = AppIcon;
				CODE_SIGN_STYLE = Automatic;
				DEVELOPMENT_TEAM = JK5WTBU827;
				INFOPLIST_FILE = cinepark/Info.plist;
				LD_RUNPATH_SEARCH_PATHS = (
					"$(inherited)",
					"@executable_path/Frameworks",
				);
				PRODUCT_BUNDLE_IDENTIFIER = com.abdulsalam.cinepark;
				PRODUCT_NAME = "$(TARGET_NAME)";
				SWIFT_VERSION = 5.0;
				TARGETED_DEVICE_FAMILY = "1,2";
			};
			name = Release;
		};
/* End XCBuildConfiguration section */

/* Begin XCConfigurationList section */
		9DCE9D55249FECF60042FEBB /* Build configuration list for PBXProject "cinepark" */ = {
			isa = XCConfigurationList;
			buildConfigurations = (
				9DCE9D6C249FECF80042FEBB /* Debug */,
				9DCE9D6D249FECF80042FEBB /* Release */,
			);
			defaultConfigurationIsVisible = 0;
			defaultConfigurationName = Release;
		};
		9DCE9D6E249FECF80042FEBB /* Build configuration list for PBXNativeTarget "cinepark" */ = {
			isa = XCConfigurationList;
			buildConfigurations = (
				9DCE9D6F249FECF80042FEBB /* Debug */,
				9DCE9D70249FECF80042FEBB /* Release */,
			);
			defaultConfigurationIsVisible = 0;
			defaultConfigurationName = Release;
		};
/* End XCConfigurationList section */
	};
	rootObject = 9DCE9D52249FECF60042FEBB /* Project object */;
}
