// !$*UTF8*$!
{
	archiveVersion = 1;
	classes = {
	};
	objectVersion = 51;
	objects = {

/* Begin PBXBuildFile section */
		32C9D3DBD420C7032AC36B49 /* Pods_cinepark.framework in Frameworks */ = {isa = PBXBuildFile; fileRef = 0A9EFB83233C97CC061253E3 /* Pods_cinepark.framework */; };
		9D0268AA24A115C000E88BF1 /* PosterImageManager.swift in Sources */ = {isa = PBXBuildFile; fileRef = 9D0268A924A115C000E88BF1 /* PosterImageManager.swift */; };
		9D0268AD24A1389A00E88BF1 /* CPDataLoadingVC.swift in Sources */ = {isa = PBXBuildFile; fileRef = 9D0268AC24A1389A00E88BF1 /* CPDataLoadingVC.swift */; };
		9D0268AF24A13E8800E88BF1 /* MovieAndTvInfoVC.swift in Sources */ = {isa = PBXBuildFile; fileRef = 9D0268AE24A13E8800E88BF1 /* MovieAndTvInfoVC.swift */; };
		9D0268B324A1475300E88BF1 /* CPBodyLabel.swift in Sources */ = {isa = PBXBuildFile; fileRef = 9D0268B224A1475300E88BF1 /* CPBodyLabel.swift */; };
		9D0268B524A147B000E88BF1 /* CPSecondaryTitleLabel.swift in Sources */ = {isa = PBXBuildFile; fileRef = 9D0268B424A147B000E88BF1 /* CPSecondaryTitleLabel.swift */; };
		9D0268B724A163ED00E88BF1 /* CPBodyTextView.swift in Sources */ = {isa = PBXBuildFile; fileRef = 9D0268B624A163ED00E88BF1 /* CPBodyTextView.swift */; };
		9D0268BC24A1669C00E88BF1 /* CPError.swift in Sources */ = {isa = PBXBuildFile; fileRef = 9D0268BB24A1669C00E88BF1 /* CPError.swift */; };
		9D0268BF24A1695300E88BF1 /* CPPropertyView.swift in Sources */ = {isa = PBXBuildFile; fileRef = 9D0268BE24A1695300E88BF1 /* CPPropertyView.swift */; };
		9D2B16DC24A0D446005D8CFE /* ApiRouter.swift in Sources */ = {isa = PBXBuildFile; fileRef = 9D2B16DB24A0D446005D8CFE /* ApiRouter.swift */; };
		9D2B16DE24A0D46D005D8CFE /* NetworkingConstants.swift in Sources */ = {isa = PBXBuildFile; fileRef = 9D2B16DD24A0D46D005D8CFE /* NetworkingConstants.swift */; };
		9D2B16E024A0D47B005D8CFE /* ApiClient.swift in Sources */ = {isa = PBXBuildFile; fileRef = 9D2B16DF24A0D47B005D8CFE /* ApiClient.swift */; };
		9D2B16E324A0D6A3005D8CFE /* GetPopularMoviesResponse.swift in Sources */ = {isa = PBXBuildFile; fileRef = 9D2B16E224A0D6A3005D8CFE /* GetPopularMoviesResponse.swift */; };
		9D2B16E724A0E5CD005D8CFE /* CPPosterImageView.swift in Sources */ = {isa = PBXBuildFile; fileRef = 9D2B16E624A0E5CD005D8CFE /* CPPosterImageView.swift */; };
		9D2B16EE24A0ED87005D8CFE /* CPTitleLabel.swift in Sources */ = {isa = PBXBuildFile; fileRef = 9D2B16ED24A0ED87005D8CFE /* CPTitleLabel.swift */; };
		9D2B16F024A0EDF0005D8CFE /* MostViewedItemCell.swift in Sources */ = {isa = PBXBuildFile; fileRef = 9D2B16EF24A0EDF0005D8CFE /* MostViewedItemCell.swift */; };
		9D2B16F424A0F918005D8CFE /* CineparkItem.swift in Sources */ = {isa = PBXBuildFile; fileRef = 9D2B16F324A0F918005D8CFE /* CineparkItem.swift */; };
		9D2B16FC24A10CDB005D8CFE /* UIHelper.swift in Sources */ = {isa = PBXBuildFile; fileRef = 9D2B16FB24A10CDB005D8CFE /* UIHelper.swift */; };
		9D628D1624A1848B002F9891 /* PersistenceManager.swift in Sources */ = {isa = PBXBuildFile; fileRef = 9D628D1524A1848B002F9891 /* PersistenceManager.swift */; };
		9D628D1824A188EE002F9891 /* UIViewController+Ext.swift in Sources */ = {isa = PBXBuildFile; fileRef = 9D628D1724A188EE002F9891 /* UIViewController+Ext.swift */; };
		9D628D1A24A18930002F9891 /* CPAlertVC.swift in Sources */ = {isa = PBXBuildFile; fileRef = 9D628D1924A18930002F9891 /* CPAlertVC.swift */; };
		9D628D1C24A18992002F9891 /* CPAlertContainerView.swift in Sources */ = {isa = PBXBuildFile; fileRef = 9D628D1B24A18992002F9891 /* CPAlertContainerView.swift */; };
		9D628D1E24A18D36002F9891 /* FavoriteCell.swift in Sources */ = {isa = PBXBuildFile; fileRef = 9D628D1D24A18D36002F9891 /* FavoriteCell.swift */; };
		9D628D2024A18F1D002F9891 /* UITableView+Ext.swift in Sources */ = {isa = PBXBuildFile; fileRef = 9D628D1F24A18F1D002F9891 /* UITableView+Ext.swift */; };
		9D79E11D24A1E5FC0002D7ED /* CPEmptyStateView.swift in Sources */ = {isa = PBXBuildFile; fileRef = 9D79E11C24A1E5FC0002D7ED /* CPEmptyStateView.swift */; };
		9D79E11F24A1E7940002D7ED /* UIImage+Ext.swift in Sources */ = {isa = PBXBuildFile; fileRef = 9D79E11E24A1E7940002D7ED /* UIImage+Ext.swift */; };
		9D79E12124A1F3050002D7ED /* Reachability.swift in Sources */ = {isa = PBXBuildFile; fileRef = 9D79E12024A1F3050002D7ED /* Reachability.swift */; };
		9DCE9D5E249FECF60042FEBB /* AppDelegate.swift in Sources */ = {isa = PBXBuildFile; fileRef = 9DCE9D5D249FECF60042FEBB /* AppDelegate.swift */; };
		9DCE9D60249FECF60042FEBB /* SceneDelegate.swift in Sources */ = {isa = PBXBuildFile; fileRef = 9DCE9D5F249FECF60042FEBB /* SceneDelegate.swift */; };
		9DCE9D67249FECF80042FEBB /* Assets.xcassets in Resources */ = {isa = PBXBuildFile; fileRef = 9DCE9D66249FECF80042FEBB /* Assets.xcassets */; };
		9DCE9D6A249FECF80042FEBB /* LaunchScreen.storyboard in Resources */ = {isa = PBXBuildFile; fileRef = 9DCE9D68249FECF80042FEBB /* LaunchScreen.storyboard */; };
		9DF7DF50249FF370009B5902 /* CPTabBarController.swift in Sources */ = {isa = PBXBuildFile; fileRef = 9DF7DF4F249FF370009B5902 /* CPTabBarController.swift */; };
		9DF7DF53249FF971009B5902 /* MoviesAndTvListVC.swift in Sources */ = {isa = PBXBuildFile; fileRef = 9DF7DF52249FF971009B5902 /* MoviesAndTvListVC.swift */; };
		9DF7DF55249FF98E009B5902 /* FavoritesListVC.swift in Sources */ = {isa = PBXBuildFile; fileRef = 9DF7DF54249FF98E009B5902 /* FavoritesListVC.swift */; };
		9DF7DF57249FF9D8009B5902 /* MostViewedVC.swift in Sources */ = {isa = PBXBuildFile; fileRef = 9DF7DF56249FF9D8009B5902 /* MostViewedVC.swift */; };
		9DF7DF5A249FFADF009B5902 /* AppColors.swift in Sources */ = {isa = PBXBuildFile; fileRef = 9DF7DF59249FFADF009B5902 /* AppColors.swift */; };
		9DF7DF5D24A000A0009B5902 /* CPButton.swift in Sources */ = {isa = PBXBuildFile; fileRef = 9DF7DF5C24A000A0009B5902 /* CPButton.swift */; };
		9DF7DF6024A001AD009B5902 /* UIView+Ext.swift in Sources */ = {isa = PBXBuildFile; fileRef = 9DF7DF5F24A001AD009B5902 /* UIView+Ext.swift */; };
		9DF7DF6224A002C9009B5902 /* Constants.swift in Sources */ = {isa = PBXBuildFile; fileRef = 9DF7DF6124A002C9009B5902 /* Constants.swift */; };
/* End PBXBuildFile section */

/* Begin PBXFileReference section */
		0A9EFB83233C97CC061253E3 /* Pods_cinepark.framework */ = {isa = PBXFileReference; explicitFileType = wrapper.framework; includeInIndex = 0; path = Pods_cinepark.framework; sourceTree = BUILT_PRODUCTS_DIR; };
		608D0E8415EAC4A51F5FEFF2 /* Pods-cinepark.release.xcconfig */ = {isa = PBXFileReference; includeInIndex = 1; lastKnownFileType = text.xcconfig; name = "Pods-cinepark.release.xcconfig"; path = "Target Support Files/Pods-cinepark/Pods-cinepark.release.xcconfig"; sourceTree = "<group>"; };
		9D0268A924A115C000E88BF1 /* PosterImageManager.swift */ = {isa = PBXFileReference; lastKnownFileType = sourcecode.swift; path = PosterImageManager.swift; sourceTree = "<group>"; };
		9D0268AC24A1389A00E88BF1 /* CPDataLoadingVC.swift */ = {isa = PBXFileReference; lastKnownFileType = sourcecode.swift; path = CPDataLoadingVC.swift; sourceTree = "<group>"; };
		9D0268AE24A13E8800E88BF1 /* MovieAndTvInfoVC.swift */ = {isa = PBXFileReference; lastKnownFileType = sourcecode.swift; path = MovieAndTvInfoVC.swift; sourceTree = "<group>"; };
		9D0268B224A1475300E88BF1 /* CPBodyLabel.swift */ = {isa = PBXFileReference; lastKnownFileType = sourcecode.swift; path = CPBodyLabel.swift; sourceTree = "<group>"; };
		9D0268B424A147B000E88BF1 /* CPSecondaryTitleLabel.swift */ = {isa = PBXFileReference; lastKnownFileType = sourcecode.swift; path = CPSecondaryTitleLabel.swift; sourceTree = "<group>"; };
		9D0268B624A163ED00E88BF1 /* CPBodyTextView.swift */ = {isa = PBXFileReference; lastKnownFileType = sourcecode.swift; path = CPBodyTextView.swift; sourceTree = "<group>"; };
		9D0268BB24A1669C00E88BF1 /* CPError.swift */ = {isa = PBXFileReference; lastKnownFileType = sourcecode.swift; path = CPError.swift; sourceTree = "<group>"; };
		9D0268BE24A1695300E88BF1 /* CPPropertyView.swift */ = {isa = PBXFileReference; lastKnownFileType = sourcecode.swift; path = CPPropertyView.swift; sourceTree = "<group>"; };
		9D2B16DB24A0D446005D8CFE /* ApiRouter.swift */ = {isa = PBXFileReference; lastKnownFileType = sourcecode.swift; path = ApiRouter.swift; sourceTree = "<group>"; };
		9D2B16DD24A0D46D005D8CFE /* NetworkingConstants.swift */ = {isa = PBXFileReference; lastKnownFileType = sourcecode.swift; path = NetworkingConstants.swift; sourceTree = "<group>"; };
		9D2B16DF24A0D47B005D8CFE /* ApiClient.swift */ = {isa = PBXFileReference; lastKnownFileType = sourcecode.swift; path = ApiClient.swift; sourceTree = "<group>"; };
		9D2B16E224A0D6A3005D8CFE /* GetPopularMoviesResponse.swift */ = {isa = PBXFileReference; lastKnownFileType = sourcecode.swift; path = GetPopularMoviesResponse.swift; sourceTree = "<group>"; };
		9D2B16E624A0E5CD005D8CFE /* CPPosterImageView.swift */ = {isa = PBXFileReference; lastKnownFileType = sourcecode.swift; path = CPPosterImageView.swift; sourceTree = "<group>"; };
		9D2B16ED24A0ED87005D8CFE /* CPTitleLabel.swift */ = {isa = PBXFileReference; lastKnownFileType = sourcecode.swift; path = CPTitleLabel.swift; sourceTree = "<group>"; };
		9D2B16EF24A0EDF0005D8CFE /* MostViewedItemCell.swift */ = {isa = PBXFileReference; lastKnownFileType = sourcecode.swift; path = MostViewedItemCell.swift; sourceTree = "<group>"; };
		9D2B16F324A0F918005D8CFE /* CineparkItem.swift */ = {isa = PBXFileReference; lastKnownFileType = sourcecode.swift; path = CineparkItem.swift; sourceTree = "<group>"; };
		9D2B16FB24A10CDB005D8CFE /* UIHelper.swift */ = {isa = PBXFileReference; lastKnownFileType = sourcecode.swift; path = UIHelper.swift; sourceTree = "<group>"; };
		9D628D1524A1848B002F9891 /* PersistenceManager.swift */ = {isa = PBXFileReference; lastKnownFileType = sourcecode.swift; path = PersistenceManager.swift; sourceTree = "<group>"; };
		9D628D1724A188EE002F9891 /* UIViewController+Ext.swift */ = {isa = PBXFileReference; lastKnownFileType = sourcecode.swift; path = "UIViewController+Ext.swift"; sourceTree = "<group>"; };
		9D628D1924A18930002F9891 /* CPAlertVC.swift */ = {isa = PBXFileReference; lastKnownFileType = sourcecode.swift; path = CPAlertVC.swift; sourceTree = "<group>"; };
		9D628D1B24A18992002F9891 /* CPAlertContainerView.swift */ = {isa = PBXFileReference; lastKnownFileType = sourcecode.swift; path = CPAlertContainerView.swift; sourceTree = "<group>"; };
		9D628D1D24A18D36002F9891 /* FavoriteCell.swift */ = {isa = PBXFileReference; lastKnownFileType = sourcecode.swift; path = FavoriteCell.swift; sourceTree = "<group>"; };
		9D628D1F24A18F1D002F9891 /* UITableView+Ext.swift */ = {isa = PBXFileReference; lastKnownFileType = sourcecode.swift; path = "UITableView+Ext.swift"; sourceTree = "<group>"; };
		9D79E11C24A1E5FC0002D7ED /* CPEmptyStateView.swift */ = {isa = PBXFileReference; lastKnownFileType = sourcecode.swift; path = CPEmptyStateView.swift; sourceTree = "<group>"; };
		9D79E11E24A1E7940002D7ED /* UIImage+Ext.swift */ = {isa = PBXFileReference; lastKnownFileType = sourcecode.swift; path = "UIImage+Ext.swift"; sourceTree = "<group>"; };
		9D79E12024A1F3050002D7ED /* Reachability.swift */ = {isa = PBXFileReference; lastKnownFileType = sourcecode.swift; path = Reachability.swift; sourceTree = "<group>"; };
		9DCE9D5A249FECF60042FEBB /* cinepark.app */ = {isa = PBXFileReference; explicitFileType = wrapper.application; includeInIndex = 0; path = cinepark.app; sourceTree = BUILT_PRODUCTS_DIR; };
		9DCE9D5D249FECF60042FEBB /* AppDelegate.swift */ = {isa = PBXFileReference; lastKnownFileType = sourcecode.swift; path = AppDelegate.swift; sourceTree = "<group>"; };
		9DCE9D5F249FECF60042FEBB /* SceneDelegate.swift */ = {isa = PBXFileReference; lastKnownFileType = sourcecode.swift; path = SceneDelegate.swift; sourceTree = "<group>"; };
		9DCE9D66249FECF80042FEBB /* Assets.xcassets */ = {isa = PBXFileReference; lastKnownFileType = folder.assetcatalog; path = Assets.xcassets; sourceTree = "<group>"; };
		9DCE9D69249FECF80042FEBB /* Base */ = {isa = PBXFileReference; lastKnownFileType = file.storyboard; name = Base; path = Base.lproj/LaunchScreen.storyboard; sourceTree = "<group>"; };
		9DCE9D6B249FECF80042FEBB /* Info.plist */ = {isa = PBXFileReference; lastKnownFileType = text.plist.xml; path = Info.plist; sourceTree = "<group>"; };
		9DF7DF4F249FF370009B5902 /* CPTabBarController.swift */ = {isa = PBXFileReference; lastKnownFileType = sourcecode.swift; path = CPTabBarController.swift; sourceTree = "<group>"; };
		9DF7DF52249FF971009B5902 /* MoviesAndTvListVC.swift */ = {isa = PBXFileReference; lastKnownFileType = sourcecode.swift; path = MoviesAndTvListVC.swift; sourceTree = "<group>"; };
		9DF7DF54249FF98E009B5902 /* FavoritesListVC.swift */ = {isa = PBXFileReference; lastKnownFileType = sourcecode.swift; path = FavoritesListVC.swift; sourceTree = "<group>"; };
		9DF7DF56249FF9D8009B5902 /* MostViewedVC.swift */ = {isa = PBXFileReference; lastKnownFileType = sourcecode.swift; path = MostViewedVC.swift; sourceTree = "<group>"; };
		9DF7DF59249FFADF009B5902 /* AppColors.swift */ = {isa = PBXFileReference; lastKnownFileType = sourcecode.swift; path = AppColors.swift; sourceTree = "<group>"; };
		9DF7DF5C24A000A0009B5902 /* CPButton.swift */ = {isa = PBXFileReference; lastKnownFileType = sourcecode.swift; path = CPButton.swift; sourceTree = "<group>"; };
		9DF7DF5F24A001AD009B5902 /* UIView+Ext.swift */ = {isa = PBXFileReference; lastKnownFileType = sourcecode.swift; path = "UIView+Ext.swift"; sourceTree = "<group>"; };
		9DF7DF6124A002C9009B5902 /* Constants.swift */ = {isa = PBXFileReference; lastKnownFileType = sourcecode.swift; path = Constants.swift; sourceTree = "<group>"; };
		E7194CD45184F4B25C147499 /* Pods-cinepark.debug.xcconfig */ = {isa = PBXFileReference; includeInIndex = 1; lastKnownFileType = text.xcconfig; name = "Pods-cinepark.debug.xcconfig"; path = "Target Support Files/Pods-cinepark/Pods-cinepark.debug.xcconfig"; sourceTree = "<group>"; };
/* End PBXFileReference section */

/* Begin PBXFrameworksBuildPhase section */
		9DCE9D57249FECF60042FEBB /* Frameworks */ = {
			isa = PBXFrameworksBuildPhase;
			buildActionMask = 2147483647;
			files = (
				32C9D3DBD420C7032AC36B49 /* Pods_cinepark.framework in Frameworks */,
			);
			runOnlyForDeploymentPostprocessing = 0;
		};
/* End PBXFrameworksBuildPhase section */

/* Begin PBXGroup section */
		2F78A30197EB63817B8F9202 /* Frameworks */ = {
			isa = PBXGroup;
			children = (
				0A9EFB83233C97CC061253E3 /* Pods_cinepark.framework */,
			);
			name = Frameworks;
			sourceTree = "<group>";
		};
		9D0268AB24A1385100E88BF1 /* ViewControllers */ = {
			isa = PBXGroup;
			children = (
				9D0268AC24A1389A00E88BF1 /* CPDataLoadingVC.swift */,
				9D628D1924A18930002F9891 /* CPAlertVC.swift */,
			);
			path = ViewControllers;
			sourceTree = "<group>";
		};
		9D0268B824A1662B00E88BF1 /* Managers */ = {
			isa = PBXGroup;
			children = (
				9D0268A924A115C000E88BF1 /* PosterImageManager.swift */,
				9D628D1524A1848B002F9891 /* PersistenceManager.swift */,
			);
			path = Managers;
			sourceTree = "<group>";
		};
		9D0268BD24A1693000E88BF1 /* Views */ = {
			isa = PBXGroup;
			children = (
				9D0268BE24A1695300E88BF1 /* CPPropertyView.swift */,
				9D628D1B24A18992002F9891 /* CPAlertContainerView.swift */,
				9D79E11C24A1E5FC0002D7ED /* CPEmptyStateView.swift */,
			);
			path = Views;
			sourceTree = "<group>";
		};
		9D2B16DA24A0D41B005D8CFE /* Networking */ = {
			isa = PBXGroup;
			children = (
				9D2B16DF24A0D47B005D8CFE /* ApiClient.swift */,
				9D2B16DB24A0D446005D8CFE /* ApiRouter.swift */,
				9D2B16DD24A0D46D005D8CFE /* NetworkingConstants.swift */,
				9D79E12024A1F3050002D7ED /* Reachability.swift */,
			);
			path = Networking;
			sourceTree = "<group>";
		};
		9D2B16E124A0D685005D8CFE /* Model */ = {
			isa = PBXGroup;
			children = (
				9D2B16E224A0D6A3005D8CFE /* GetPopularMoviesResponse.swift */,
				9D2B16F324A0F918005D8CFE /* CineparkItem.swift */,
			);
			path = Model;
			sourceTree = "<group>";
		};
		9D2B16E424A0E514005D8CFE /* Cells */ = {
			isa = PBXGroup;
			children = (
				9D2B16EF24A0EDF0005D8CFE /* MostViewedItemCell.swift */,
				9D628D1D24A18D36002F9891 /* FavoriteCell.swift */,
			);
			path = Cells;
			sourceTree = "<group>";
		};
		9D2B16E524A0E5A5005D8CFE /* ImageViews */ = {
			isa = PBXGroup;
			children = (
				9D2B16E624A0E5CD005D8CFE /* CPPosterImageView.swift */,
			);
			path = ImageViews;
			sourceTree = "<group>";
		};
		9D2B16EC24A0ED71005D8CFE /* Labels */ = {
			isa = PBXGroup;
			children = (
				9D2B16ED24A0ED87005D8CFE /* CPTitleLabel.swift */,
				9D0268B224A1475300E88BF1 /* CPBodyLabel.swift */,
				9D0268B424A147B000E88BF1 /* CPSecondaryTitleLabel.swift */,
				9D0268B624A163ED00E88BF1 /* CPBodyTextView.swift */,
			);
			path = Labels;
			sourceTree = "<group>";
		};
		9DCE9D51249FECF60042FEBB = {
			isa = PBXGroup;
			children = (
				9DCE9D5C249FECF60042FEBB /* cinepark */,
				9DCE9D5B249FECF60042FEBB /* Products */,
				C0ECF147655892D7D6297D49 /* Pods */,
				2F78A30197EB63817B8F9202 /* Frameworks */,
			);
			sourceTree = "<group>";
		};
		9DCE9D5B249FECF60042FEBB /* Products */ = {
			isa = PBXGroup;
			children = (
				9DCE9D5A249FECF60042FEBB /* cinepark.app */,
			);
			name = Products;
			sourceTree = "<group>";
		};
		9DCE9D5C249FECF60042FEBB /* cinepark */ = {
			isa = PBXGroup;
			children = (
				9DF7DF58249FFACC009B5902 /* Utilities */,
				9D0268B824A1662B00E88BF1 /* Managers */,
				9D2B16DA24A0D41B005D8CFE /* Networking */,
				9D2B16E124A0D685005D8CFE /* Model */,
				9DF7DF5E24A0019F009B5902 /* Extensions */,
				9DF7DF4D249FF31D009B5902 /* CustomViews */,
				9DF7DF4A249FF27E009B5902 /* Screens */,
				9DF7DF51249FF47A009B5902 /* Support */,
				9DCE9D6B249FECF80042FEBB /* Info.plist */,
			);
			path = cinepark;
			sourceTree = "<group>";
		};
		9DF7DF4A249FF27E009B5902 /* Screens */ = {
			isa = PBXGroup;
			children = (
				9DF7DF56249FF9D8009B5902 /* MostViewedVC.swift */,
				9DF7DF52249FF971009B5902 /* MoviesAndTvListVC.swift */,
				9D0268AE24A13E8800E88BF1 /* MovieAndTvInfoVC.swift */,
				9DF7DF54249FF98E009B5902 /* FavoritesListVC.swift */,
			);
			path = Screens;
			sourceTree = "<group>";
		};
		9DF7DF4D249FF31D009B5902 /* CustomViews */ = {
			isa = PBXGroup;
			children = (
				9D0268BD24A1693000E88BF1 /* Views */,
				9D0268AB24A1385100E88BF1 /* ViewControllers */,
				9DF7DF4E249FF338009B5902 /* TabBarControllers */,
				9D2B16EC24A0ED71005D8CFE /* Labels */,
				9D2B16E524A0E5A5005D8CFE /* ImageViews */,
				9DF7DF5B24A00089009B5902 /* Buttons */,
				9D2B16E424A0E514005D8CFE /* Cells */,
			);
			path = CustomViews;
			sourceTree = "<group>";
		};
		9DF7DF4E249FF338009B5902 /* TabBarControllers */ = {
			isa = PBXGroup;
			children = (
				9DF7DF4F249FF370009B5902 /* CPTabBarController.swift */,
			);
			path = TabBarControllers;
			sourceTree = "<group>";
		};
		9DF7DF51249FF47A009B5902 /* Support */ = {
			isa = PBXGroup;
			children = (
				9DCE9D5D249FECF60042FEBB /* AppDelegate.swift */,
				9DCE9D5F249FECF60042FEBB /* SceneDelegate.swift */,
				9DCE9D66249FECF80042FEBB /* Assets.xcassets */,
				9DCE9D68249FECF80042FEBB /* LaunchScreen.storyboard */,
			);
			path = Support;
			sourceTree = "<group>";
		};
		9DF7DF58249FFACC009B5902 /* Utilities */ = {
			isa = PBXGroup;
			children = (
				9DF7DF59249FFADF009B5902 /* AppColors.swift */,
				9DF7DF6124A002C9009B5902 /* Constants.swift */,
				9D2B16FB24A10CDB005D8CFE /* UIHelper.swift */,
				9D0268BB24A1669C00E88BF1 /* CPError.swift */,
			);
			path = Utilities;
			sourceTree = "<group>";
		};
		9DF7DF5B24A00089009B5902 /* Buttons */ = {
			isa = PBXGroup;
			children = (
				9DF7DF5C24A000A0009B5902 /* CPButton.swift */,
			);
			path = Buttons;
			sourceTree = "<group>";
		};
		9DF7DF5E24A0019F009B5902 /* Extensions */ = {
			isa = PBXGroup;
			children = (
				9DF7DF5F24A001AD009B5902 /* UIView+Ext.swift */,
				9D628D1724A188EE002F9891 /* UIViewController+Ext.swift */,
				9D628D1F24A18F1D002F9891 /* UITableView+Ext.swift */,
				9D79E11E24A1E7940002D7ED /* UIImage+Ext.swift */,
			);
			path = Extensions;
			sourceTree = "<group>";
		};
		C0ECF147655892D7D6297D49 /* Pods */ = {
			isa = PBXGroup;
			children = (
				E7194CD45184F4B25C147499 /* Pods-cinepark.debug.xcconfig */,
				608D0E8415EAC4A51F5FEFF2 /* Pods-cinepark.release.xcconfig */,
			);
			path = Pods;
			sourceTree = "<group>";
		};
/* End PBXGroup section */

/* Begin PBXNativeTarget section */
		9DCE9D59249FECF60042FEBB /* cinepark */ = {
			isa = PBXNativeTarget;
			buildConfigurationList = 9DCE9D6E249FECF80042FEBB /* Build configuration list for PBXNativeTarget "cinepark" */;
			buildPhases = (
				E40CE527CF67DF03CC2A86F9 /* [CP] Check Pods Manifest.lock */,
				9DCE9D56249FECF60042FEBB /* Sources */,
				9DCE9D57249FECF60042FEBB /* Frameworks */,
				9DCE9D58249FECF60042FEBB /* Resources */,
				1181560FB54ED59DC900892D /* [CP] Embed Pods Frameworks */,
			);
			buildRules = (
			);
			dependencies = (
			);
			name = cinepark;
			productName = cinepark;
			productReference = 9DCE9D5A249FECF60042FEBB /* cinepark.app */;
			productType = "com.apple.product-type.application";
		};
/* End PBXNativeTarget section */

/* Begin PBXProject section */
		9DCE9D52249FECF60042FEBB /* Project object */ = {
			isa = PBXProject;
			attributes = {
				LastSwiftUpdateCheck = 1150;
				LastUpgradeCheck = 1150;
				ORGANIZATIONNAME = abdulsalam;
				TargetAttributes = {
					9DCE9D59249FECF60042FEBB = {
						CreatedOnToolsVersion = 11.5;
					};
				};
			};
			buildConfigurationList = 9DCE9D55249FECF60042FEBB /* Build configuration list for PBXProject "cinepark" */;
			compatibilityVersion = "Xcode 9.3";
			developmentRegion = en;
			hasScannedForEncodings = 0;
			knownRegions = (
				en,
				Base,
			);
			mainGroup = 9DCE9D51249FECF60042FEBB;
			productRefGroup = 9DCE9D5B249FECF60042FEBB /* Products */;
			projectDirPath = "";
			projectRoot = "";
			targets = (
				9DCE9D59249FECF60042FEBB /* cinepark */,
			);
		};
/* End PBXProject section */

/* Begin PBXResourcesBuildPhase section */
		9DCE9D58249FECF60042FEBB /* Resources */ = {
			isa = PBXResourcesBuildPhase;
			buildActionMask = 2147483647;
			files = (
				9DCE9D6A249FECF80042FEBB /* LaunchScreen.storyboard in Resources */,
				9DCE9D67249FECF80042FEBB /* Assets.xcassets in Resources */,
			);
			runOnlyForDeploymentPostprocessing = 0;
		};
/* End PBXResourcesBuildPhase section */

/* Begin PBXShellScriptBuildPhase section */
		1181560FB54ED59DC900892D /* [CP] Embed Pods Frameworks */ = {
			isa = PBXShellScriptBuildPhase;
			buildActionMask = 2147483647;
			files = (
			);
			inputFileListPaths = (
				"${PODS_ROOT}/Target Support Files/Pods-cinepark/Pods-cinepark-frameworks-${CONFIGURATION}-input-files.xcfilelist",
			);
			name = "[CP] Embed Pods Frameworks";
			outputFileListPaths = (
				"${PODS_ROOT}/Target Support Files/Pods-cinepark/Pods-cinepark-frameworks-${CONFIGURATION}-output-files.xcfilelist",
			);
			runOnlyForDeploymentPostprocessing = 0;
			shellPath = /bin/sh;
			shellScript = "\"${PODS_ROOT}/Target Support Files/Pods-cinepark/Pods-cinepark-frameworks.sh\"\n";
			showEnvVarsInLog = 0;
		};
		E40CE527CF67DF03CC2A86F9 /* [CP] Check Pods Manifest.lock */ = {
			isa = PBXShellScriptBuildPhase;
			buildActionMask = 2147483647;
			files = (
			);
			inputFileListPaths = (
			);
			inputPaths = (
				"${PODS_PODFILE_DIR_PATH}/Podfile.lock",
				"${PODS_ROOT}/Manifest.lock",
			);
			name = "[CP] Check Pods Manifest.lock";
			outputFileListPaths = (
			);
			outputPaths = (
				"$(DERIVED_FILE_DIR)/Pods-cinepark-checkManifestLockResult.txt",
			);
			runOnlyForDeploymentPostprocessing = 0;
			shellPath = /bin/sh;
			shellScript = "diff \"${PODS_PODFILE_DIR_PATH}/Podfile.lock\" \"${PODS_ROOT}/Manifest.lock\" > /dev/null\nif [ $? != 0 ] ; then\n    # print error to STDERR\n    echo \"error: The sandbox is not in sync with the Podfile.lock. Run 'pod install' or update your CocoaPods installation.\" >&2\n    exit 1\nfi\n# This output is used by Xcode 'outputs' to avoid re-running this script phase.\necho \"SUCCESS\" > \"${SCRIPT_OUTPUT_FILE_0}\"\n";
			showEnvVarsInLog = 0;
		};
/* End PBXShellScriptBuildPhase section */

/* Begin PBXSourcesBuildPhase section */
		9DCE9D56249FECF60042FEBB /* Sources */ = {
			isa = PBXSourcesBuildPhase;
			buildActionMask = 2147483647;
			files = (
				9D2B16E324A0D6A3005D8CFE /* GetPopularMoviesResponse.swift in Sources */,
				9D79E11D24A1E5FC0002D7ED /* CPEmptyStateView.swift in Sources */,
				9D628D2024A18F1D002F9891 /* UITableView+Ext.swift in Sources */,
				9DF7DF5D24A000A0009B5902 /* CPButton.swift in Sources */,
				9D628D1824A188EE002F9891 /* UIViewController+Ext.swift in Sources */,
				9D0268BF24A1695300E88BF1 /* CPPropertyView.swift in Sources */,
				9D79E11F24A1E7940002D7ED /* UIImage+Ext.swift in Sources */,
				9D2B16FC24A10CDB005D8CFE /* UIHelper.swift in Sources */,
				9D2B16F424A0F918005D8CFE /* CineparkItem.swift in Sources */,
				9DF7DF50249FF370009B5902 /* CPTabBarController.swift in Sources */,
				9D0268B524A147B000E88BF1 /* CPSecondaryTitleLabel.swift in Sources */,
				9D2B16DC24A0D446005D8CFE /* ApiRouter.swift in Sources */,
				9DF7DF53249FF971009B5902 /* MoviesAndTvListVC.swift in Sources */,
				9DF7DF55249FF98E009B5902 /* FavoritesListVC.swift in Sources */,
				9D79E12124A1F3050002D7ED /* Reachability.swift in Sources */,
				9D0268BC24A1669C00E88BF1 /* CPError.swift in Sources */,
				9D2B16DE24A0D46D005D8CFE /* NetworkingConstants.swift in Sources */,
				9DCE9D5E249FECF60042FEBB /* AppDelegate.swift in Sources */,
				9DF7DF6224A002C9009B5902 /* Constants.swift in Sources */,
				9D0268AD24A1389A00E88BF1 /* CPDataLoadingVC.swift in Sources */,
				9D0268B324A1475300E88BF1 /* CPBodyLabel.swift in Sources */,
				9D2B16EE24A0ED87005D8CFE /* CPTitleLabel.swift in Sources */,
				9D628D1A24A18930002F9891 /* CPAlertVC.swift in Sources */,
				9D2B16E024A0D47B005D8CFE /* ApiClient.swift in Sources */,
				9DF7DF6024A001AD009B5902 /* UIView+Ext.swift in Sources */,
				9D2B16E724A0E5CD005D8CFE /* CPPosterImageView.swift in Sources */,
				9DF7DF5A249FFADF009B5902 /* AppColors.swift in Sources */,
				9D628D1624A1848B002F9891 /* PersistenceManager.swift in Sources */,
				9D0268B724A163ED00E88BF1 /* CPBodyTextView.swift in Sources */,
				9DF7DF57249FF9D8009B5902 /* MostViewedVC.swift in Sources */,
				9D628D1E24A18D36002F9891 /* FavoriteCell.swift in Sources */,
				9D0268AA24A115C000E88BF1 /* PosterImageManager.swift in Sources */,
				9D0268AF24A13E8800E88BF1 /* MovieAndTvInfoVC.swift in Sources */,
				9DCE9D60249FECF60042FEBB /* SceneDelegate.swift in Sources */,
				9D628D1C24A18992002F9891 /* CPAlertContainerView.swift in Sources */,
				9D2B16F024A0EDF0005D8CFE /* MostViewedItemCell.swift in Sources */,
			);
			runOnlyForDeploymentPostprocessing = 0;
		};
/* End PBXSourcesBuildPhase section */

/* Begin PBXVariantGroup section */
		9DCE9D68249FECF80042FEBB /* LaunchScreen.storyboard */ = {
			isa = PBXVariantGroup;
			children = (
				9DCE9D69249FECF80042FEBB /* Base */,
			);
			name = LaunchScreen.storyboard;
			sourceTree = "<group>";
		};
/* End PBXVariantGroup section */

/* Begin XCBuildConfiguration section */
		9DCE9D6C249FECF80042FEBB /* Debug */ = {
			isa = XCBuildConfiguration;
			buildSettings = {
				ALWAYS_SEARCH_USER_PATHS = NO;
				CLANG_ANALYZER_NONNULL = YES;
				CLANG_ANALYZER_NUMBER_OBJECT_CONVERSION = YES_AGGRESSIVE;
				CLANG_CXX_LANGUAGE_STANDARD = "gnu++14";
				CLANG_CXX_LIBRARY = "libc++";
				CLANG_ENABLE_MODULES = YES;
				CLANG_ENABLE_OBJC_ARC = YES;
				CLANG_ENABLE_OBJC_WEAK = YES;
				CLANG_WARN_BLOCK_CAPTURE_AUTORELEASING = YES;
				CLANG_WARN_BOOL_CONVERSION = YES;
				CLANG_WARN_COMMA = YES;
				CLANG_WARN_CONSTANT_CONVERSION = YES;
				CLANG_WARN_DEPRECATED_OBJC_IMPLEMENTATIONS = YES;
				CLANG_WARN_DIRECT_OBJC_ISA_USAGE = YES_ERROR;
				CLANG_WARN_DOCUMENTATION_COMMENTS = YES;
				CLANG_WARN_EMPTY_BODY = YES;
				CLANG_WARN_ENUM_CONVERSION = YES;
				CLANG_WARN_INFINITE_RECURSION = YES;
				CLANG_WARN_INT_CONVERSION = YES;
				CLANG_WARN_NON_LITERAL_NULL_CONVERSION = YES;
				CLANG_WARN_OBJC_IMPLICIT_RETAIN_SELF = YES;
				CLANG_WARN_OBJC_LITERAL_CONVERSION = YES;
				CLANG_WARN_OBJC_ROOT_CLASS = YES_ERROR;
				CLANG_WARN_RANGE_LOOP_ANALYSIS = YES;
				CLANG_WARN_STRICT_PROTOTYPES = YES;
				CLANG_WARN_SUSPICIOUS_MOVE = YES;
				CLANG_WARN_UNGUARDED_AVAILABILITY = YES_AGGRESSIVE;
				CLANG_WARN_UNREACHABLE_CODE = YES;
				CLANG_WARN__DUPLICATE_METHOD_MATCH = YES;
				COPY_PHASE_STRIP = NO;
				DEBUG_INFORMATION_FORMAT = dwarf;
				ENABLE_STRICT_OBJC_MSGSEND = YES;
				ENABLE_TESTABILITY = YES;
				GCC_C_LANGUAGE_STANDARD = gnu11;
				GCC_DYNAMIC_NO_PIC = NO;
				GCC_NO_COMMON_BLOCKS = YES;
				GCC_OPTIMIZATION_LEVEL = 0;
				GCC_PREPROCESSOR_DEFINITIONS = (
					"DEBUG=1",
					"$(inherited)",
				);
				GCC_WARN_64_TO_32_BIT_CONVERSION = YES;
				GCC_WARN_ABOUT_RETURN_TYPE = YES_ERROR;
				GCC_WARN_UNDECLARED_SELECTOR = YES;
				GCC_WARN_UNINITIALIZED_AUTOS = YES_AGGRESSIVE;
				GCC_WARN_UNUSED_FUNCTION = YES;
				GCC_WARN_UNUSED_VARIABLE = YES;
				IPHONEOS_DEPLOYMENT_TARGET = 13.5;
				MTL_ENABLE_DEBUG_INFO = INCLUDE_SOURCE;
				MTL_FAST_MATH = YES;
				ONLY_ACTIVE_ARCH = YES;
				SDKROOT = iphoneos;
				SWIFT_ACTIVE_COMPILATION_CONDITIONS = DEBUG;
				SWIFT_OPTIMIZATION_LEVEL = "-Onone";
			};
			name = Debug;
		};
		9DCE9D6D249FECF80042FEBB /* Release */ = {
			isa = XCBuildConfiguration;
			buildSettings = {
				ALWAYS_SEARCH_USER_PATHS = NO;
				CLANG_ANALYZER_NONNULL = YES;
				CLANG_ANALYZER_NUMBER_OBJECT_CONVERSION = YES_AGGRESSIVE;
				CLANG_CXX_LANGUAGE_STANDARD = "gnu++14";
				CLANG_CXX_LIBRARY = "libc++";
				CLANG_ENABLE_MODULES = YES;
				CLANG_ENABLE_OBJC_ARC = YES;
				CLANG_ENABLE_OBJC_WEAK = YES;
				CLANG_WARN_BLOCK_CAPTURE_AUTORELEASING = YES;
				CLANG_WARN_BOOL_CONVERSION = YES;
				CLANG_WARN_COMMA = YES;
				CLANG_WARN_CONSTANT_CONVERSION = YES;
				CLANG_WARN_DEPRECATED_OBJC_IMPLEMENTATIONS = YES;
				CLANG_WARN_DIRECT_OBJC_ISA_USAGE = YES_ERROR;
				CLANG_WARN_DOCUMENTATION_COMMENTS = YES;
				CLANG_WARN_EMPTY_BODY = YES;
				CLANG_WARN_ENUM_CONVERSION = YES;
				CLANG_WARN_INFINITE_RECURSION = YES;
				CLANG_WARN_INT_CONVERSION = YES;
				CLANG_WARN_NON_LITERAL_NULL_CONVERSION = YES;
				CLANG_WARN_OBJC_IMPLICIT_RETAIN_SELF = YES;
				CLANG_WARN_OBJC_LITERAL_CONVERSION = YES;
				CLANG_WARN_OBJC_ROOT_CLASS = YES_ERROR;
				CLANG_WARN_RANGE_LOOP_ANALYSIS = YES;
				CLANG_WARN_STRICT_PROTOTYPES = YES;
				CLANG_WARN_SUSPICIOUS_MOVE = YES;
				CLANG_WARN_UNGUARDED_AVAILABILITY = YES_AGGRESSIVE;
				CLANG_WARN_UNREACHABLE_CODE = YES;
				CLANG_WARN__DUPLICATE_METHOD_MATCH = YES;
				COPY_PHASE_STRIP = NO;
				DEBUG_INFORMATION_FORMAT = "dwarf-with-dsym";
				ENABLE_NS_ASSERTIONS = NO;
				ENABLE_STRICT_OBJC_MSGSEND = YES;
				GCC_C_LANGUAGE_STANDARD = gnu11;
				GCC_NO_COMMON_BLOCKS = YES;
				GCC_WARN_64_TO_32_BIT_CONVERSION = YES;
				GCC_WARN_ABOUT_RETURN_TYPE = YES_ERROR;
				GCC_WARN_UNDECLARED_SELECTOR = YES;
				GCC_WARN_UNINITIALIZED_AUTOS = YES_AGGRESSIVE;
				GCC_WARN_UNUSED_FUNCTION = YES;
				GCC_WARN_UNUSED_VARIABLE = YES;
				IPHONEOS_DEPLOYMENT_TARGET = 13.5;
				MTL_ENABLE_DEBUG_INFO = NO;
				MTL_FAST_MATH = YES;
				SDKROOT = iphoneos;
				SWIFT_COMPILATION_MODE = wholemodule;
				SWIFT_OPTIMIZATION_LEVEL = "-O";
				VALIDATE_PRODUCT = YES;
			};
			name = Release;
		};
		9DCE9D6F249FECF80042FEBB /* Debug */ = {
			isa = XCBuildConfiguration;
			baseConfigurationReference = E7194CD45184F4B25C147499 /* Pods-cinepark.debug.xcconfig */;
			buildSettings = {
				ASSETCATALOG_COMPILER_APPICON_NAME = AppIcon;
				CODE_SIGN_STYLE = Automatic;
				DEVELOPMENT_TEAM = JK5WTBU827;
				INFOPLIST_FILE = cinepark/Info.plist;
				LD_RUNPATH_SEARCH_PATHS = (
					"$(inherited)",
					"@executable_path/Frameworks",
				);
				PRODUCT_BUNDLE_IDENTIFIER = com.abdulsalam.cinepark;
				PRODUCT_NAME = "$(TARGET_NAME)";
				SWIFT_VERSION = 5.0;
				TARGETED_DEVICE_FAMILY = "1,2";
			};
			name = Debug;
		};
		9DCE9D70249FECF80042FEBB /* Release */ = {
			isa = XCBuildConfiguration;
			baseConfigurationReference = 608D0E8415EAC4A51F5FEFF2 /* Pods-cinepark.release.xcconfig */;
			buildSettings = {
				ASSETCATALOG_COMPILER_APPICON_NAME = AppIcon;
				CODE_SIGN_STYLE = Automatic;
				DEVELOPMENT_TEAM = JK5WTBU827;
				INFOPLIST_FILE = cinepark/Info.plist;
				LD_RUNPATH_SEARCH_PATHS = (
					"$(inherited)",
					"@executable_path/Frameworks",
				);
				PRODUCT_BUNDLE_IDENTIFIER = com.abdulsalam.cinepark;
				PRODUCT_NAME = "$(TARGET_NAME)";
				SWIFT_VERSION = 5.0;
				TARGETED_DEVICE_FAMILY = "1,2";
			};
			name = Release;
		};
/* End XCBuildConfiguration section */

/* Begin XCConfigurationList section */
		9DCE9D55249FECF60042FEBB /* Build configuration list for PBXProject "cinepark" */ = {
			isa = XCConfigurationList;
			buildConfigurations = (
				9DCE9D6C249FECF80042FEBB /* Debug */,
				9DCE9D6D249FECF80042FEBB /* Release */,
			);
			defaultConfigurationIsVisible = 0;
			defaultConfigurationName = Release;
		};
		9DCE9D6E249FECF80042FEBB /* Build configuration list for PBXNativeTarget "cinepark" */ = {
			isa = XCConfigurationList;
			buildConfigurations = (
				9DCE9D6F249FECF80042FEBB /* Debug */,
				9DCE9D70249FECF80042FEBB /* Release */,
			);
			defaultConfigurationIsVisible = 0;
			defaultConfigurationName = Release;
		};
/* End XCConfigurationList section */
	};
	rootObject = 9DCE9D52249FECF60042FEBB /* Project object */;
}
